// !$*UTF8*$!
{
	archiveVersion = 1;
	classes = {
	};
	objectVersion = 46;
	objects = {

/* Begin PBXBuildFile section */
		3907AD8C1C6B33D1003A1709 /* AppDelegate.swift in Sources */ = {isa = PBXBuildFile; fileRef = 3907AD8B1C6B33D1003A1709 /* AppDelegate.swift */; };
		3907AD8E1C6B33D1003A1709 /* MainViewController.swift in Sources */ = {isa = PBXBuildFile; fileRef = 3907AD8D1C6B33D1003A1709 /* MainViewController.swift */; };
		3907AD901C6B33D1003A1709 /* RouteViewController.swift in Sources */ = {isa = PBXBuildFile; fileRef = 3907AD8F1C6B33D1003A1709 /* RouteViewController.swift */; };
		3907AD931C6B33D1003A1709 /* Main.storyboard in Resources */ = {isa = PBXBuildFile; fileRef = 3907AD911C6B33D1003A1709 /* Main.storyboard */; };
		3907AD951C6B33D1003A1709 /* Assets.xcassets in Resources */ = {isa = PBXBuildFile; fileRef = 3907AD941C6B33D1003A1709 /* Assets.xcassets */; };
		3907AD981C6B33D1003A1709 /* LaunchScreen.storyboard in Resources */ = {isa = PBXBuildFile; fileRef = 3907AD961C6B33D1003A1709 /* LaunchScreen.storyboard */; };
		398BDD281DC0E84B00999026 /* RouteSegment.swift in Sources */ = {isa = PBXBuildFile; fileRef = 398BDD271DC0E84B00999026 /* RouteSegment.swift */; };
		6E5B737B1DC0030000A02E15 /* Utilities.swift in Sources */ = {isa = PBXBuildFile; fileRef = 6E5B737A1DC0030000A02E15 /* Utilities.swift */; };
		6E5B737D1DC003BE00A02E15 /* data.json in Resources */ = {isa = PBXBuildFile; fileRef = 6E5B737C1DC003BE00A02E15 /* data.json */; };
		6E5B737F1DC0063300A02E15 /* Route.swift in Sources */ = {isa = PBXBuildFile; fileRef = 6E5B737E1DC0063300A02E15 /* Route.swift */; };
		6E5B73811DC00C6200A02E15 /* Constants.swift in Sources */ = {isa = PBXBuildFile; fileRef = 6E5B73801DC00C6200A02E15 /* Constants.swift */; };
		6E5B73831DC0317800A02E15 /* RouteCell.swift in Sources */ = {isa = PBXBuildFile; fileRef = 6E5B73821DC0317800A02E15 /* RouteCell.swift */; };
		6EE565711DBFCF1100A13031 /* Info.plist in Resources */ = {isa = PBXBuildFile; fileRef = 3907AD991C6B33D1003A1709 /* Info.plist */; };
/* End PBXBuildFile section */

/* Begin PBXFileReference section */
		3907AD881C6B33D1003A1709 /* TransitApp01.app */ = {isa = PBXFileReference; explicitFileType = wrapper.application; includeInIndex = 0; path = TransitApp01.app; sourceTree = BUILT_PRODUCTS_DIR; };
		3907AD8B1C6B33D1003A1709 /* AppDelegate.swift */ = {isa = PBXFileReference; lastKnownFileType = sourcecode.swift; path = AppDelegate.swift; sourceTree = "<group>"; };
		3907AD8D1C6B33D1003A1709 /* MainViewController.swift */ = {isa = PBXFileReference; lastKnownFileType = sourcecode.swift; path = MainViewController.swift; sourceTree = "<group>"; };
		3907AD8F1C6B33D1003A1709 /* RouteViewController.swift */ = {isa = PBXFileReference; lastKnownFileType = sourcecode.swift; path = RouteViewController.swift; sourceTree = "<group>"; };
		3907AD921C6B33D1003A1709 /* Base */ = {isa = PBXFileReference; lastKnownFileType = file.storyboard; name = Base; path = Base.lproj/Main.storyboard; sourceTree = "<group>"; };
		3907AD941C6B33D1003A1709 /* Assets.xcassets */ = {isa = PBXFileReference; lastKnownFileType = folder.assetcatalog; path = Assets.xcassets; sourceTree = "<group>"; };
		3907AD971C6B33D1003A1709 /* Base */ = {isa = PBXFileReference; lastKnownFileType = file.storyboard; name = Base; path = Base.lproj/LaunchScreen.storyboard; sourceTree = "<group>"; };
		3907AD991C6B33D1003A1709 /* Info.plist */ = {isa = PBXFileReference; lastKnownFileType = text.plist.xml; path = Info.plist; sourceTree = "<group>"; };
		398BDD271DC0E84B00999026 /* RouteSegment.swift */ = {isa = PBXFileReference; fileEncoding = 4; lastKnownFileType = sourcecode.swift; path = RouteSegment.swift; sourceTree = "<group>"; };
		6E5B737A1DC0030000A02E15 /* Utilities.swift */ = {isa = PBXFileReference; fileEncoding = 4; lastKnownFileType = sourcecode.swift; name = Utilities.swift; path = TransitApp01/Utilities/Utilities.swift; sourceTree = SOURCE_ROOT; };
		6E5B737C1DC003BE00A02E15 /* data.json */ = {isa = PBXFileReference; fileEncoding = 4; lastKnownFileType = text.json; path = data.json; sourceTree = "<group>"; };
		6E5B737E1DC0063300A02E15 /* Route.swift */ = {isa = PBXFileReference; fileEncoding = 4; lastKnownFileType = sourcecode.swift; path = Route.swift; sourceTree = "<group>"; };
		6E5B73801DC00C6200A02E15 /* Constants.swift */ = {isa = PBXFileReference; fileEncoding = 4; lastKnownFileType = sourcecode.swift; path = Constants.swift; sourceTree = "<group>"; };
		6E5B73821DC0317800A02E15 /* RouteCell.swift */ = {isa = PBXFileReference; fileEncoding = 4; lastKnownFileType = sourcecode.swift; path = RouteCell.swift; sourceTree = "<group>"; };
/* End PBXFileReference section */

/* Begin PBXFrameworksBuildPhase section */
		3907AD851C6B33D1003A1709 /* Frameworks */ = {
			isa = PBXFrameworksBuildPhase;
			buildActionMask = 2147483647;
			files = (
			);
			runOnlyForDeploymentPostprocessing = 0;
		};
/* End PBXFrameworksBuildPhase section */

/* Begin PBXGroup section */
		3907AD7F1C6B33D1003A1709 = {
			isa = PBXGroup;
			children = (
				3907AD8A1C6B33D1003A1709 /* TransitApp01 */,
				3907AD891C6B33D1003A1709 /* Products */,
			);
			sourceTree = "<group>";
		};
		3907AD891C6B33D1003A1709 /* Products */ = {
			isa = PBXGroup;
			children = (
				3907AD881C6B33D1003A1709 /* TransitApp01.app */,
			);
			name = Products;
			sourceTree = "<group>";
		};
		3907AD8A1C6B33D1003A1709 /* TransitApp01 */ = {
			isa = PBXGroup;
			children = (
				3907AD8B1C6B33D1003A1709 /* AppDelegate.swift */,
				3907AD8D1C6B33D1003A1709 /* MainViewController.swift */,
				3907AD911C6B33D1003A1709 /* Main.storyboard */,
				3907AD961C6B33D1003A1709 /* LaunchScreen.storyboard */,
				398BDD061DC0C11500999026 /* Assets */,
				398BDD021DC0BFB000999026 /* Data */,
				398BDD041DC0C01500999026 /* Routes */,
				398BDD051DC0C06E00999026 /* Utilities */,
			);
			path = TransitApp01;
			sourceTree = "<group>";
		};
		398BDD021DC0BFB000999026 /* Data */ = {
			isa = PBXGroup;
			children = (
				6E5B737C1DC003BE00A02E15 /* data.json */,
			);
			path = Data;
			sourceTree = "<group>";
		};
		398BDD041DC0C01500999026 /* Routes */ = {
			isa = PBXGroup;
			children = (
				6E5B737E1DC0063300A02E15 /* Route.swift */,
				3907AD8F1C6B33D1003A1709 /* RouteViewController.swift */,
				6E5B73821DC0317800A02E15 /* RouteCell.swift */,
				398BDD271DC0E84B00999026 /* RouteSegment.swift */,
			);
			path = Routes;
			sourceTree = "<group>";
		};
		398BDD051DC0C06E00999026 /* Utilities */ = {
			isa = PBXGroup;
			children = (
				6E5B73801DC00C6200A02E15 /* Constants.swift */,
				6E5B737A1DC0030000A02E15 /* Utilities.swift */,
			);
			path = Utilities;
			sourceTree = "<group>";
		};
		398BDD061DC0C11500999026 /* Assets */ = {
			isa = PBXGroup;
			children = (
				3907AD941C6B33D1003A1709 /* Assets.xcassets */,
				3907AD991C6B33D1003A1709 /* Info.plist */,
			);
			path = Assets;
			sourceTree = "<group>";
		};
/* End PBXGroup section */

/* Begin PBXNativeTarget section */
		3907AD871C6B33D1003A1709 /* TransitApp01 */ = {
			isa = PBXNativeTarget;
			buildConfigurationList = 3907AD9C1C6B33D1003A1709 /* Build configuration list for PBXNativeTarget "TransitApp01" */;
			buildPhases = (
				3907AD841C6B33D1003A1709 /* Sources */,
				3907AD851C6B33D1003A1709 /* Frameworks */,
				3907AD861C6B33D1003A1709 /* Resources */,
			);
			buildRules = (
			);
			dependencies = (
			);
			name = TransitApp01;
			productName = SwiftTutorial01;
			productReference = 3907AD881C6B33D1003A1709 /* TransitApp01.app */;
			productType = "com.apple.product-type.application";
		};
/* End PBXNativeTarget section */

/* Begin PBXProject section */
		3907AD801C6B33D1003A1709 /* Project object */ = {
			isa = PBXProject;
			attributes = {
				LastSwiftUpdateCheck = 0720;
				LastUpgradeCheck = 0720;
				ORGANIZATIONNAME = "Matthias Zarzecki";
				TargetAttributes = {
					3907AD871C6B33D1003A1709 = {
						CreatedOnToolsVersion = 7.2.1;
						LastSwiftMigration = 0800;
					};
				};
			};
			buildConfigurationList = 3907AD831C6B33D1003A1709 /* Build configuration list for PBXProject "TransitApp01" */;
			compatibilityVersion = "Xcode 3.2";
			developmentRegion = English;
			hasScannedForEncodings = 0;
			knownRegions = (
				en,
				Base,
			);
			mainGroup = 3907AD7F1C6B33D1003A1709;
			productRefGroup = 3907AD891C6B33D1003A1709 /* Products */;
			projectDirPath = "";
			projectRoot = "";
			targets = (
				3907AD871C6B33D1003A1709 /* TransitApp01 */,
			);
		};
/* End PBXProject section */

/* Begin PBXResourcesBuildPhase section */
		3907AD861C6B33D1003A1709 /* Resources */ = {
			isa = PBXResourcesBuildPhase;
			buildActionMask = 2147483647;
			files = (
				3907AD981C6B33D1003A1709 /* LaunchScreen.storyboard in Resources */,
				6EE565711DBFCF1100A13031 /* Info.plist in Resources */,
				3907AD951C6B33D1003A1709 /* Assets.xcassets in Resources */,
				6E5B737D1DC003BE00A02E15 /* data.json in Resources */,
				3907AD931C6B33D1003A1709 /* Main.storyboard in Resources */,
			);
			runOnlyForDeploymentPostprocessing = 0;
		};
/* End PBXResourcesBuildPhase section */

/* Begin PBXSourcesBuildPhase section */
		3907AD841C6B33D1003A1709 /* Sources */ = {
			isa = PBXSourcesBuildPhase;
			buildActionMask = 2147483647;
			files = (
				3907AD901C6B33D1003A1709 /* RouteViewController.swift in Sources */,
				3907AD8E1C6B33D1003A1709 /* MainViewController.swift in Sources */,
				6E5B737B1DC0030000A02E15 /* Utilities.swift in Sources */,
				6E5B737F1DC0063300A02E15 /* Route.swift in Sources */,
				3907AD8C1C6B33D1003A1709 /* AppDelegate.swift in Sources */,
				6E5B73811DC00C6200A02E15 /* Constants.swift in Sources */,
				6E5B73831DC0317800A02E15 /* RouteCell.swift in Sources */,
				398BDD281DC0E84B00999026 /* RouteSegment.swift in Sources */,
			);
			runOnlyForDeploymentPostprocessing = 0;
		};
/* End PBXSourcesBuildPhase section */

/* Begin PBXVariantGroup section */
		3907AD911C6B33D1003A1709 /* Main.storyboard */ = {
			isa = PBXVariantGroup;
			children = (
				3907AD921C6B33D1003A1709 /* Base */,
			);
			name = Main.storyboard;
			sourceTree = "<group>";
		};
		3907AD961C6B33D1003A1709 /* LaunchScreen.storyboard */ = {
			isa = PBXVariantGroup;
			children = (
				3907AD971C6B33D1003A1709 /* Base */,
			);
			name = LaunchScreen.storyboard;
			sourceTree = "<group>";
		};
/* End PBXVariantGroup section */

/* Begin XCBuildConfiguration section */
		3907AD9A1C6B33D1003A1709 /* Debug */ = {
			isa = XCBuildConfiguration;
			buildSettings = {
				ALWAYS_SEARCH_USER_PATHS = NO;
				CLANG_CXX_LANGUAGE_STANDARD = "gnu++0x";
				CLANG_CXX_LIBRARY = "libc++";
				CLANG_ENABLE_MODULES = YES;
				CLANG_ENABLE_OBJC_ARC = YES;
				CLANG_WARN_BOOL_CONVERSION = YES;
				CLANG_WARN_CONSTANT_CONVERSION = YES;
				CLANG_WARN_DIRECT_OBJC_ISA_USAGE = YES_ERROR;
				CLANG_WARN_EMPTY_BODY = YES;
				CLANG_WARN_ENUM_CONVERSION = YES;
				CLANG_WARN_INT_CONVERSION = YES;
				CLANG_WARN_OBJC_ROOT_CLASS = YES_ERROR;
				CLANG_WARN_UNREACHABLE_CODE = YES;
				CLANG_WARN__DUPLICATE_METHOD_MATCH = YES;
				"CODE_SIGN_IDENTITY[sdk=iphoneos*]" = "iPhone Developer";
				COPY_PHASE_STRIP = NO;
				DEBUG_INFORMATION_FORMAT = dwarf;
				ENABLE_STRICT_OBJC_MSGSEND = YES;
				ENABLE_TESTABILITY = YES;
				GCC_C_LANGUAGE_STANDARD = gnu99;
				GCC_DYNAMIC_NO_PIC = NO;
				GCC_NO_COMMON_BLOCKS = YES;
				GCC_OPTIMIZATION_LEVEL = 0;
				GCC_PREPROCESSOR_DEFINITIONS = (
					"DEBUG=1",
					"$(inherited)",
				);
				GCC_WARN_64_TO_32_BIT_CONVERSION = YES;
				GCC_WARN_ABOUT_RETURN_TYPE = YES_ERROR;
				GCC_WARN_UNDECLARED_SELECTOR = YES;
				GCC_WARN_UNINITIALIZED_AUTOS = YES_AGGRESSIVE;
				GCC_WARN_UNUSED_FUNCTION = YES;
				GCC_WARN_UNUSED_VARIABLE = YES;
				IPHONEOS_DEPLOYMENT_TARGET = 9.2;
				MTL_ENABLE_DEBUG_INFO = YES;
				ONLY_ACTIVE_ARCH = YES;
				SDKROOT = iphoneos;
				SWIFT_OPTIMIZATION_LEVEL = "-Onone";
				TARGETED_DEVICE_FAMILY = "1,2";
			};
			name = Debug;
		};
		3907AD9B1C6B33D1003A1709 /* Release */ = {
			isa = XCBuildConfiguration;
			buildSettings = {
				ALWAYS_SEARCH_USER_PATHS = NO;
				CLANG_CXX_LANGUAGE_STANDARD = "gnu++0x";
				CLANG_CXX_LIBRARY = "libc++";
				CLANG_ENABLE_MODULES = YES;
				CLANG_ENABLE_OBJC_ARC = YES;
				CLANG_WARN_BOOL_CONVERSION = YES;
				CLANG_WARN_CONSTANT_CONVERSION = YES;
				CLANG_WARN_DIRECT_OBJC_ISA_USAGE = YES_ERROR;
				CLANG_WARN_EMPTY_BODY = YES;
				CLANG_WARN_ENUM_CONVERSION = YES;
				CLANG_WARN_INT_CONVERSION = YES;
				CLANG_WARN_OBJC_ROOT_CLASS = YES_ERROR;
				CLANG_WARN_UNREACHABLE_CODE = YES;
				CLANG_WARN__DUPLICATE_METHOD_MATCH = YES;
				"CODE_SIGN_IDENTITY[sdk=iphoneos*]" = "iPhone Developer";
				COPY_PHASE_STRIP = NO;
				DEBUG_INFORMATION_FORMAT = "dwarf-with-dsym";
				ENABLE_NS_ASSERTIONS = NO;
				ENABLE_STRICT_OBJC_MSGSEND = YES;
				GCC_C_LANGUAGE_STANDARD = gnu99;
				GCC_NO_COMMON_BLOCKS = YES;
				GCC_WARN_64_TO_32_BIT_CONVERSION = YES;
				GCC_WARN_ABOUT_RETURN_TYPE = YES_ERROR;
				GCC_WARN_UNDECLARED_SELECTOR = YES;
				GCC_WARN_UNINITIALIZED_AUTOS = YES_AGGRESSIVE;
				GCC_WARN_UNUSED_FUNCTION = YES;
				GCC_WARN_UNUSED_VARIABLE = YES;
				IPHONEOS_DEPLOYMENT_TARGET = 9.2;
				MTL_ENABLE_DEBUG_INFO = NO;
				SDKROOT = iphoneos;
				TARGETED_DEVICE_FAMILY = "1,2";
				VALIDATE_PRODUCT = YES;
			};
			name = Release;
		};
		3907AD9D1C6B33D1003A1709 /* Debug */ = {
			isa = XCBuildConfiguration;
			buildSettings = {
				ASSETCATALOG_COMPILER_APPICON_NAME = AppIcon;
				INFOPLIST_FILE = "$(SRCROOT)/TransitApp01/Assets/Info.plist";
				LD_RUNPATH_SEARCH_PATHS = "$(inherited) @executable_path/Frameworks";
				PRODUCT_BUNDLE_IDENTIFIER = com.matthewongamedesign.TransitApp01;
				PRODUCT_NAME = TransitApp01;
				SWIFT_VERSION = 3.0;
				TARGETED_DEVICE_FAMILY = "1,2";
			};
			name = Debug;
		};
		3907AD9E1C6B33D1003A1709 /* Release */ = {
			isa = XCBuildConfiguration;
			buildSettings = {
				ASSETCATALOG_COMPILER_APPICON_NAME = AppIcon;
				INFOPLIST_FILE = "$(SRCROOT)/TransitApp01/Assets/Info.plist";
				LD_RUNPATH_SEARCH_PATHS = "$(inherited) @executable_path/Frameworks";
				PRODUCT_BUNDLE_IDENTIFIER = com.matthewongamedesign.TransitApp01;
				PRODUCT_NAME = TransitApp01;
				SWIFT_VERSION = 3.0;
				TARGETED_DEVICE_FAMILY = "1,2";
			};
			name = Release;
		};
/* End XCBuildConfiguration section */

/* Begin XCConfigurationList section */
		3907AD831C6B33D1003A1709 /* Build configuration list for PBXProject "TransitApp01" */ = {
			isa = XCConfigurationList;
			buildConfigurations = (
				3907AD9A1C6B33D1003A1709 /* Debug */,
				3907AD9B1C6B33D1003A1709 /* Release */,
			);
			defaultConfigurationIsVisible = 0;
			defaultConfigurationName = Release;
		};
		3907AD9C1C6B33D1003A1709 /* Build configuration list for PBXNativeTarget "TransitApp01" */ = {
			isa = XCConfigurationList;
			buildConfigurations = (
				3907AD9D1C6B33D1003A1709 /* Debug */,
				3907AD9E1C6B33D1003A1709 /* Release */,
			);
			defaultConfigurationIsVisible = 0;
			defaultConfigurationName = Release;
		};
/* End XCConfigurationList section */
	};
	rootObject = 3907AD801C6B33D1003A1709 /* Project object */;
}
